
Microsoft Visual Studio Solution File, Format Version 12.00
# Visual Studio Version 17
VisualStudioVersion = 17.7.34031.279
MinimumVisualStudioVersion = 10.0.40219.1
Project("{FAE04EC0-301F-11D3-BF4B-00C04F79EFBC}") = "Day15", "Day15\Day15.csproj", "{077899D3-FB7B-4B07-8766-08C9221FDD4F}"
EndProject
Global
	GlobalSection(SolutionConfigurationPlatforms) = preSolution
		Debug|Any CPU = Debug|Any CPU
		Release|Any CPU = Release|Any CPU
	EndGlobalSection
	GlobalSection(ProjectConfigurationPlatforms) = postSolution
		{077899D3-FB7B-4B07-8766-08C9221FDD4F}.Debug|Any CPU.ActiveCfg = Debug|Any CPU
		{077899D3-FB7B-4B07-8766-08C9221FDD4F}.Debug|Any CPU.Build.0 = Debug|Any CPU
		{077899D3-FB7B-4B07-8766-08C9221FDD4F}.Release|Any CPU.ActiveCfg = Release|Any CPU
		{077899D3-FB7B-4B07-8766-08C9221FDD4F}.Release|Any CPU.Build.0 = Release|Any CPU
	EndGlobalSection
	GlobalSection(SolutionProperties) = preSolution
		HideSolutionNode = FALSE
	EndGlobalSection
	GlobalSection(ExtensibilityGlobals) = postSolution
		SolutionGuid = {42A1C7CE-97EB-43C8-9E0A-94409673206E}
	EndGlobalSection
EndGlobal
